
Microsoft Visual Studio Solution File, Format Version 12.00
# Visual Studio Version 16
VisualStudioVersion = 16.0.28729.10
MinimumVisualStudioVersion = 10.0.40219.1
Project("{FAE04EC0-301F-11D3-BF4B-00C04F79EFBC}") = "Calculator", "Calculator\Calculator.csproj", "{AEC551F1-D6C8-4CED-8A62-5C704CD5C119}"
EndProject
Global
	GlobalSection(SolutionConfigurationPlatforms) = preSolution
		Debug|Any CPU = Debug|Any CPU
		Release|Any CPU = Release|Any CPU
	EndGlobalSection
	GlobalSection(ProjectConfigurationPlatforms) = postSolution
		{AEC551F1-D6C8-4CED-8A62-5C704CD5C119}.Debug|Any CPU.ActiveCfg = Debug|Any CPU
		{AEC551F1-D6C8-4CED-8A62-5C704CD5C119}.Debug|Any CPU.Build.0 = Debug|Any CPU
		{AEC551F1-D6C8-4CED-8A62-5C704CD5C119}.Release|Any CPU.ActiveCfg = Release|Any CPU
		{AEC551F1-D6C8-4CED-8A62-5C704CD5C119}.Release|Any CPU.Build.0 = Release|Any CPU
	EndGlobalSection
	GlobalSection(SolutionProperties) = preSolution
		HideSolutionNode = FALSE
	EndGlobalSection
	GlobalSection(ExtensibilityGlobals) = postSolution
		SolutionGuid = {627E2F40-EC7F-4B65-B05C-D8FD58AD9D3A}
	EndGlobalSection
EndGlobal
